
Microsoft Visual Studio Solution File, Format Version 12.00
# Visual Studio Version 17
VisualStudioVersion = 17.6.33723.286
MinimumVisualStudioVersion = 10.0.40219.1
Project("{9A19103F-16F7-4668-BE54-9A1E7A4F7556}") = "AuthAPI", "AuthAPI.csproj", "{BAA428D0-A711-43CF-A209-379503641A89}"
EndProject
Global
	GlobalSection(SolutionConfigurationPlatforms) = preSolution
		Debug|Any CPU = Debug|Any CPU
		Release|Any CPU = Release|Any CPU
	EndGlobalSection
	GlobalSection(ProjectConfigurationPlatforms) = postSolution
		{BAA428D0-A711-43CF-A209-379503641A89}.Debug|Any CPU.ActiveCfg = Debug|Any CPU
		{BAA428D0-A711-43CF-A209-379503641A89}.Debug|Any CPU.Build.0 = Debug|Any CPU
		{BAA428D0-A711-43CF-A209-379503641A89}.Release|Any CPU.ActiveCfg = Release|Any CPU
		{BAA428D0-A711-43CF-A209-379503641A89}.Release|Any CPU.Build.0 = Release|Any CPU
	EndGlobalSection
	GlobalSection(SolutionProperties) = preSolution
		HideSolutionNode = FALSE
	EndGlobalSection
	GlobalSection(ExtensibilityGlobals) = postSolution
		SolutionGuid = {2D474FE4-82D0-47B9-8866-1C898DDD31F3}
	EndGlobalSection
EndGlobal
