
Microsoft Visual Studio Solution File, Format Version 12.00
# Visual Studio Version 17
VisualStudioVersion = 17.6.33829.357
MinimumVisualStudioVersion = 10.0.40219.1
Project("{FAE04EC0-301F-11D3-BF4B-00C04F79EFBC}") = "ArticlesSearchAPI", "ArticlesSearchAPI.csproj", "{74AEAD6E-EEDA-4839-B88B-25EDAF0689E4}"
EndProject
Global
	GlobalSection(SolutionConfigurationPlatforms) = preSolution
		Debug|Any CPU = Debug|Any CPU
		Release|Any CPU = Release|Any CPU
	EndGlobalSection
	GlobalSection(ProjectConfigurationPlatforms) = postSolution
		{74AEAD6E-EEDA-4839-B88B-25EDAF0689E4}.Debug|Any CPU.ActiveCfg = Debug|Any CPU
		{74AEAD6E-EEDA-4839-B88B-25EDAF0689E4}.Debug|Any CPU.Build.0 = Debug|Any CPU
		{74AEAD6E-EEDA-4839-B88B-25EDAF0689E4}.Release|Any CPU.ActiveCfg = Release|Any CPU
		{74AEAD6E-EEDA-4839-B88B-25EDAF0689E4}.Release|Any CPU.Build.0 = Release|Any CPU
	EndGlobalSection
	GlobalSection(SolutionProperties) = preSolution
		HideSolutionNode = FALSE
	EndGlobalSection
	GlobalSection(ExtensibilityGlobals) = postSolution
		SolutionGuid = {F8D62BA1-8756-42E2-99E2-FDCBBB51A26F}
	EndGlobalSection
EndGlobal
